{
  "lockfile_version": "1",
  "packages": {
    "github:NixOS/nixpkgs/nixpkgs-unstable": {
      "last_modified": "2025-12-01T11:04:22Z",
      "resolved": "github:NixOS/nixpkgs/c1cb7d097cb250f6e1904aacd5f2ba5ffd8a49ce?lastModified=1764587062"
    },
    "libiconv@latest": {
      "last_modified": "2025-11-23T21:50:36Z",
      "resolved": "github:NixOS/nixpkgs/ee09932cedcef15aaf476f9343d1dea2cb77e261#libiconv",
      "source": "devbox-search",
      "version": "2.40",
      "systems": {
        "aarch64-darwin": {
          "outputs": [
            {
              "path": "/nix/store/9kffgbvhza212ishsam4p8wklh92ih9v-libiconv-109.100.2",
              "default": true
            }
          ]
        },
        "aarch64-linux": {
          "outputs": [
            {
              "name": "out",
              "path": "/nix/store/0hvawhlmy4c0f3h4vsczgbas1pgdi0i1-glibc-iconv-2.40",
              "default": true
            }
          ],
          "store_path": "/nix/store/0hvawhlmy4c0f3h4vsczgbas1pgdi0i1-glibc-iconv-2.40"
        },
        "x86_64-linux": {
          "outputs": [
            {
              "name": "out",
              "path": "/nix/store/l1fi677mcxsa175gf0zvpk68kf1calbn-glibc-iconv-2.40",
              "default": true
            }
          ],
          "store_path": "/nix/store/l1fi677mcxsa175gf0zvpk68kf1calbn-glibc-iconv-2.40"
        }
      }
    },
    "rustup@latest": {
      "last_modified": "2025-11-23T21:50:36Z",
      "plugin_version": "0.0.1",
      "resolved": "github:NixOS/nixpkgs/ee09932cedcef15aaf476f9343d1dea2cb77e261#rustup",
      "source": "devbox-search",
      "version": "1.28.2",
      "systems": {
        "aarch64-darwin": {
          "outputs": [
            {
              "name": "out",
              "path": "/nix/store/p7y6g5vv8b81s0l00m70c0r1jkfkcqb9-rustup-1.28.2",
              "default": true
            }
          ],
          "store_path": "/nix/store/p7y6g5vv8b81s0l00m70c0r1jkfkcqb9-rustup-1.28.2"
        },
        "aarch64-linux": {
          "outputs": [
            {
              "name": "out",
              "path": "/nix/store/id0sia0zrmgxx4y30sfvm3prglkkjj5f-rustup-1.28.2",
              "default": true
            }
          ],
          "store_path": "/nix/store/id0sia0zrmgxx4y30sfvm3prglkkjj5f-rustup-1.28.2"
        },
        "x86_64-darwin": {
          "outputs": [
            {
              "name": "out",
              "path": "/nix/store/29kq1qxzdwkjjaim796nrsb32gagwiim-rustup-1.28.2",
              "default": true
            }
          ],
          "store_path": "/nix/store/29kq1qxzdwkjjaim796nrsb32gagwiim-rustup-1.28.2"
        },
        "x86_64-linux": {
          "outputs": [
            {
              "name": "out",
              "path": "/nix/store/9y7hh1r3zysxh3x3khgv7nh8gdjklks8-rustup-1.28.2",
              "default": true
            }
          ],
          "store_path": "/nix/store/9y7hh1r3zysxh3x3khgv7nh8gdjklks8-rustup-1.28.2"
        }
      }
    }
  }
}
